
Microsoft Visual Studio Solution File, Format Version 12.00
Project("{FAE04EC0-301F-11D3-BF4B-00C04F79EFBC}") = "PatientAPI", "PatientAPI\PatientAPI.csproj", "{7E8A1DD0-8981-412E-9448-E052AF6B5319}"
EndProject
Project("{FAE04EC0-301F-11D3-BF4B-00C04F79EFBC}") = "PatientAPI.Tests", "PatientAPI.Tests\PatientAPI.Tests.csproj", "{0BEBD1DF-5C8D-4925-B96D-8D236A63F1BB}"
EndProject
Global
	GlobalSection(SolutionConfigurationPlatforms) = preSolution
		Debug|Any CPU = Debug|Any CPU
		Release|Any CPU = Release|Any CPU
	EndGlobalSection
	GlobalSection(ProjectConfigurationPlatforms) = postSolution
		{7E8A1DD0-8981-412E-9448-E052AF6B5319}.Debug|Any CPU.ActiveCfg = Debug|Any CPU
		{7E8A1DD0-8981-412E-9448-E052AF6B5319}.Debug|Any CPU.Build.0 = Debug|Any CPU
		{7E8A1DD0-8981-412E-9448-E052AF6B5319}.Release|Any CPU.ActiveCfg = Release|Any CPU
		{7E8A1DD0-8981-412E-9448-E052AF6B5319}.Release|Any CPU.Build.0 = Release|Any CPU
		{0BEBD1DF-5C8D-4925-B96D-8D236A63F1BB}.Debug|Any CPU.ActiveCfg = Debug|Any CPU
		{0BEBD1DF-5C8D-4925-B96D-8D236A63F1BB}.Debug|Any CPU.Build.0 = Debug|Any CPU
		{0BEBD1DF-5C8D-4925-B96D-8D236A63F1BB}.Release|Any CPU.ActiveCfg = Release|Any CPU
		{0BEBD1DF-5C8D-4925-B96D-8D236A63F1BB}.Release|Any CPU.Build.0 = Release|Any CPU
	EndGlobalSection
EndGlobal
